{
  "name": "beautice-learning-lab",
  "version": "0.1.0",
  "lockfileVersion": 3,
  "requires": true,
  "packages": {
    "": {
      "name": "beautice-learning-lab",
      "version": "0.1.0",
      "workspaces": [
        "apps/*",
        "packages/*"
      ],
      "engines": {
        "node": ">=20.19.0"
      }
    },
    "node_modules/@beautice/design-contract": {
      "resolved": "packages/design-contract",
      "link": true
    },
    "packages/design-contract": {
      "name": "@beautice/design-contract",
      "version": "0.1.0"
    }
  }
}
